// !$*UTF8*$!
{
	archiveVersion = 1;
	classes = {
	};
	objectVersion = 56;
	objects = {

/* Begin PBXBuildFile section */
		03E1266D2A7265BC00D6F181 /* AppDelegate.swift in Sources */ = {isa = PBXBuildFile; fileRef = 03E1266C2A7265BC00D6F181 /* AppDelegate.swift */; };
		03E1266F2A7265BC00D6F181 /* ViewController.swift in Sources */ = {isa = PBXBuildFile; fileRef = 03E1266E2A7265BC00D6F181 /* ViewController.swift */; };
		03E126712A7265BD00D6F181 /* Assets.xcassets in Resources */ = {isa = PBXBuildFile; fileRef = 03E126702A7265BD00D6F181 /* Assets.xcassets */; };
		03E126742A7265BD00D6F181 /* Main.storyboard in Resources */ = {isa = PBXBuildFile; fileRef = 03E126722A7265BD00D6F181 /* Main.storyboard */; };
		03E126822A7266AE00D6F181 /* CloudTestTests.swift in Sources */ = {isa = PBXBuildFile; fileRef = 03E126812A7266AE00D6F181 /* CloudTestTests.swift */; };
/* End PBXBuildFile section */

/* Begin PBXContainerItemProxy section */
		03E126832A7266AE00D6F181 /* PBXContainerItemProxy */ = {
			isa = PBXContainerItemProxy;
			containerPortal = 03E126612A7265BC00D6F181 /* Project object */;
			proxyType = 1;
			remoteGlobalIDString = 03E126682A7265BC00D6F181;
			remoteInfo = CloudTest;
		};
/* End PBXContainerItemProxy section */

/* Begin PBXFileReference section */
		03BE62E32A726CA00065FAE9 /* CloudTest183765.xctestplan */ = {isa = PBXFileReference; lastKnownFileType = text; path = CloudTest183765.xctestplan; sourceTree = "<group>"; };
		03E126692A7265BC00D6F181 /* CloudTest183765.app */ = {isa = PBXFileReference; explicitFileType = wrapper.application; includeInIndex = 0; path = CloudTest183765.app; sourceTree = BUILT_PRODUCTS_DIR; };
		03E1266C2A7265BC00D6F181 /* AppDelegate.swift */ = {isa = PBXFileReference; lastKnownFileType = sourcecode.swift; path = AppDelegate.swift; sourceTree = "<group>"; };
		03E1266E2A7265BC00D6F181 /* ViewController.swift */ = {isa = PBXFileReference; lastKnownFileType = sourcecode.swift; path = ViewController.swift; sourceTree = "<group>"; };
		03E126702A7265BD00D6F181 /* Assets.xcassets */ = {isa = PBXFileReference; lastKnownFileType = folder.assetcatalog; path = Assets.xcassets; sourceTree = "<group>"; };
		03E126732A7265BD00D6F181 /* Base */ = {isa = PBXFileReference; lastKnownFileType = file.storyboard; name = Base; path = Base.lproj/Main.storyboard; sourceTree = "<group>"; };
		03E126752A7265BD00D6F181 /* CloudTest.entitlements */ = {isa = PBXFileReference; lastKnownFileType = text.plist.entitlements; path = CloudTest.entitlements; sourceTree = "<group>"; };
		03E1267F2A7266AE00D6F181 /* CloudTestTests.xctest */ = {isa = PBXFileReference; explicitFileType = wrapper.cfbundle; includeInIndex = 0; path = CloudTestTests.xctest; sourceTree = BUILT_PRODUCTS_DIR; };
		03E126812A7266AE00D6F181 /* CloudTestTests.swift */ = {isa = PBXFileReference; lastKnownFileType = sourcecode.swift; path = CloudTestTests.swift; sourceTree = "<group>"; };
/* End PBXFileReference section */

/* Begin PBXFrameworksBuildPhase section */
		03E126662A7265BC00D6F181 /* Frameworks */ = {
			isa = PBXFrameworksBuildPhase;
			buildActionMask = 2147483647;
			files = (
			);
			runOnlyForDeploymentPostprocessing = 0;
		};
		03E1267C2A7266AE00D6F181 /* Frameworks */ = {
			isa = PBXFrameworksBuildPhase;
			buildActionMask = 2147483647;
			files = (
			);
			runOnlyForDeploymentPostprocessing = 0;
		};
/* End PBXFrameworksBuildPhase section */

/* Begin PBXGroup section */
		03E126602A7265BC00D6F181 = {
			isa = PBXGroup;
			children = (
				03BE62E32A726CA00065FAE9 /* CloudTest183765.xctestplan */,
				03E1266B2A7265BC00D6F181 /* CloudTest */,
				03E126802A7266AE00D6F181 /* CloudTestTests */,
				03E1266A2A7265BC00D6F181 /* Products */,
			);
			sourceTree = "<group>";
		};
		03E1266A2A7265BC00D6F181 /* Products */ = {
			isa = PBXGroup;
			children = (
				03E126692A7265BC00D6F181 /* CloudTest183765.app */,
				03E1267F2A7266AE00D6F181 /* CloudTestTests.xctest */,
			);
			name = Products;
			sourceTree = "<group>";
		};
		03E1266B2A7265BC00D6F181 /* CloudTest */ = {
			isa = PBXGroup;
			children = (
				03E1266C2A7265BC00D6F181 /* AppDelegate.swift */,
				03E1266E2A7265BC00D6F181 /* ViewController.swift */,
				03E126702A7265BD00D6F181 /* Assets.xcassets */,
				03E126722A7265BD00D6F181 /* Main.storyboard */,
				03E126752A7265BD00D6F181 /* CloudTest.entitlements */,
			);
			path = CloudTest;
			sourceTree = "<group>";
		};
		03E126802A7266AE00D6F181 /* CloudTestTests */ = {
			isa = PBXGroup;
			children = (
				03E126812A7266AE00D6F181 /* CloudTestTests.swift */,
			);
			path = CloudTestTests;
			sourceTree = "<group>";
		};
/* End PBXGroup section */

/* Begin PBXNativeTarget section */
		03E126682A7265BC00D6F181 /* CloudTest183765 */ = {
			isa = PBXNativeTarget;
			buildConfigurationList = 03E126782A7265BD00D6F181 /* Build configuration list for PBXNativeTarget "CloudTest183765" */;
			buildPhases = (
				03E126652A7265BC00D6F181 /* Sources */,
				03E126662A7265BC00D6F181 /* Frameworks */,
				03E126672A7265BC00D6F181 /* Resources */,
			);
			buildRules = (
			);
			dependencies = (
			);
			name = CloudTest183765;
			productName = CloudTest;
			productReference = 03E126692A7265BC00D6F181 /* CloudTest183765.app */;
			productType = "com.apple.product-type.application";
		};
		03E1267E2A7266AE00D6F181 /* CloudTestTests */ = {
			isa = PBXNativeTarget;
			buildConfigurationList = 03E126852A7266AE00D6F181 /* Build configuration list for PBXNativeTarget "CloudTestTests" */;
			buildPhases = (
				03E1267B2A7266AE00D6F181 /* Sources */,
				03E1267C2A7266AE00D6F181 /* Frameworks */,
				03E1267D2A7266AE00D6F181 /* Resources */,
			);
			buildRules = (
			);
			dependencies = (
				03E126842A7266AE00D6F181 /* PBXTargetDependency */,
			);
			name = CloudTestTests;
			productName = CloudTestTests;
			productReference = 03E1267F2A7266AE00D6F181 /* CloudTestTests.xctest */;
			productType = "com.apple.product-type.bundle.unit-test";
		};
/* End PBXNativeTarget section */

/* Begin PBXProject section */
		03E126612A7265BC00D6F181 /* Project object */ = {
			isa = PBXProject;
			attributes = {
				BuildIndependentTargetsInParallel = 1;
				LastSwiftUpdateCheck = 1430;
				LastUpgradeCheck = 1430;
				TargetAttributes = {
					03E126682A7265BC00D6F181 = {
						CreatedOnToolsVersion = 14.3.1;
					};
					03E1267E2A7266AE00D6F181 = {
						CreatedOnToolsVersion = 14.3.1;
						TestTargetID = 03E126682A7265BC00D6F181;
					};
				};
			};
			buildConfigurationList = 03E126642A7265BC00D6F181 /* Build configuration list for PBXProject "CloudTest" */;
			compatibilityVersion = "Xcode 14.0";
			developmentRegion = en;
			hasScannedForEncodings = 0;
			knownRegions = (
				en,
				Base,
			);
			mainGroup = 03E126602A7265BC00D6F181;
			productRefGroup = 03E1266A2A7265BC00D6F181 /* Products */;
			projectDirPath = "";
			projectRoot = "";
			targets = (
				03E126682A7265BC00D6F181 /* CloudTest183765 */,
				03E1267E2A7266AE00D6F181 /* CloudTestTests */,
			);
		};
/* End PBXProject section */

/* Begin PBXResourcesBuildPhase section */
		03E126672A7265BC00D6F181 /* Resources */ = {
			isa = PBXResourcesBuildPhase;
			buildActionMask = 2147483647;
			files = (
				03E126712A7265BD00D6F181 /* Assets.xcassets in Resources */,
				03E126742A7265BD00D6F181 /* Main.storyboard in Resources */,
			);
			runOnlyForDeploymentPostprocessing = 0;
		};
		03E1267D2A7266AE00D6F181 /* Resources */ = {
			isa = PBXResourcesBuildPhase;
			buildActionMask = 2147483647;
			files = (
			);
			runOnlyForDeploymentPostprocessing = 0;
		};
/* End PBXResourcesBuildPhase section */

/* Begin PBXSourcesBuildPhase section */
		03E126652A7265BC00D6F181 /* Sources */ = {
			isa = PBXSourcesBuildPhase;
			buildActionMask = 2147483647;
			files = (
				03E1266F2A7265BC00D6F181 /* ViewController.swift in Sources */,
				03E1266D2A7265BC00D6F181 /* AppDelegate.swift in Sources */,
			);
			runOnlyForDeploymentPostprocessing = 0;
		};
		03E1267B2A7266AE00D6F181 /* Sources */ = {
			isa = PBXSourcesBuildPhase;
			buildActionMask = 2147483647;
			files = (
				03E126822A7266AE00D6F181 /* CloudTestTests.swift in Sources */,
			);
			runOnlyForDeploymentPostprocessing = 0;
		};
/* End PBXSourcesBuildPhase section */

/* Begin PBXTargetDependency section */
		03E126842A7266AE00D6F181 /* PBXTargetDependency */ = {
			isa = PBXTargetDependency;
			target = 03E126682A7265BC00D6F181 /* CloudTest183765 */;
			targetProxy = 03E126832A7266AE00D6F181 /* PBXContainerItemProxy */;
		};
/* End PBXTargetDependency section */

/* Begin PBXVariantGroup section */
		03E126722A7265BD00D6F181 /* Main.storyboard */ = {
			isa = PBXVariantGroup;
			children = (
				03E126732A7265BD00D6F181 /* Base */,
			);
			name = Main.storyboard;
			sourceTree = "<group>";
		};
/* End PBXVariantGroup section */

/* Begin XCBuildConfiguration section */
		03E126762A7265BD00D6F181 /* Debug */ = {
			isa = XCBuildConfiguration;
			buildSettings = {
				ALWAYS_SEARCH_USER_PATHS = NO;
				CLANG_ANALYZER_NONNULL = YES;
				CLANG_ANALYZER_NUMBER_OBJECT_CONVERSION = YES_AGGRESSIVE;
				CLANG_CXX_LANGUAGE_STANDARD = "gnu++20";
				CLANG_ENABLE_MODULES = YES;
				CLANG_ENABLE_OBJC_ARC = YES;
				CLANG_ENABLE_OBJC_WEAK = YES;
				CLANG_WARN_BLOCK_CAPTURE_AUTORELEASING = YES;
				CLANG_WARN_BOOL_CONVERSION = YES;
				CLANG_WARN_COMMA = YES;
				CLANG_WARN_CONSTANT_CONVERSION = YES;
				CLANG_WARN_DEPRECATED_OBJC_IMPLEMENTATIONS = YES;
				CLANG_WARN_DIRECT_OBJC_ISA_USAGE = YES_ERROR;
				CLANG_WARN_DOCUMENTATION_COMMENTS = YES;
				CLANG_WARN_EMPTY_BODY = YES;
				CLANG_WARN_ENUM_CONVERSION = YES;
				CLANG_WARN_INFINITE_RECURSION = YES;
				CLANG_WARN_INT_CONVERSION = YES;
				CLANG_WARN_NON_LITERAL_NULL_CONVERSION = YES;
				CLANG_WARN_OBJC_IMPLICIT_RETAIN_SELF = YES;
				CLANG_WARN_OBJC_LITERAL_CONVERSION = YES;
				CLANG_WARN_OBJC_ROOT_CLASS = YES_ERROR;
				CLANG_WARN_QUOTED_INCLUDE_IN_FRAMEWORK_HEADER = YES;
				CLANG_WARN_RANGE_LOOP_ANALYSIS = YES;
				CLANG_WARN_STRICT_PROTOTYPES = YES;
				CLANG_WARN_SUSPICIOUS_MOVE = YES;
				CLANG_WARN_UNGUARDED_AVAILABILITY = YES_AGGRESSIVE;
				CLANG_WARN_UNREACHABLE_CODE = YES;
				CLANG_WARN__DUPLICATE_METHOD_MATCH = YES;
				COPY_PHASE_STRIP = NO;
				DEBUG_INFORMATION_FORMAT = dwarf;
				ENABLE_STRICT_OBJC_MSGSEND = YES;
				ENABLE_TESTABILITY = YES;
				GCC_C_LANGUAGE_STANDARD = gnu11;
				GCC_DYNAMIC_NO_PIC = NO;
				GCC_NO_COMMON_BLOCKS = YES;
				GCC_OPTIMIZATION_LEVEL = 0;
				GCC_PREPROCESSOR_DEFINITIONS = (
					"DEBUG=1",
					"$(inherited)",
				);
				GCC_WARN_64_TO_32_BIT_CONVERSION = YES;
				GCC_WARN_ABOUT_RETURN_TYPE = YES_ERROR;
				GCC_WARN_UNDECLARED_SELECTOR = YES;
				GCC_WARN_UNINITIALIZED_AUTOS = YES_AGGRESSIVE;
				GCC_WARN_UNUSED_FUNCTION = YES;
				GCC_WARN_UNUSED_VARIABLE = YES;
				MACOSX_DEPLOYMENT_TARGET = 13.3;
				MTL_ENABLE_DEBUG_INFO = INCLUDE_SOURCE;
				MTL_FAST_MATH = YES;
				ONLY_ACTIVE_ARCH = YES;
				SDKROOT = macosx;
				SWIFT_ACTIVE_COMPILATION_CONDITIONS = DEBUG;
				SWIFT_OPTIMIZATION_LEVEL = "-Onone";
			};
			name = Debug;
		};
		03E126772A7265BD00D6F181 /* Release */ = {
			isa = XCBuildConfiguration;
			buildSettings = {
				ALWAYS_SEARCH_USER_PATHS = NO;
				CLANG_ANALYZER_NONNULL = YES;
				CLANG_ANALYZER_NUMBER_OBJECT_CONVERSION = YES_AGGRESSIVE;
				CLANG_CXX_LANGUAGE_STANDARD = "gnu++20";
				CLANG_ENABLE_MODULES = YES;
				CLANG_ENABLE_OBJC_ARC = YES;
				CLANG_ENABLE_OBJC_WEAK = YES;
				CLANG_WARN_BLOCK_CAPTURE_AUTORELEASING = YES;
				CLANG_WARN_BOOL_CONVERSION = YES;
				CLANG_WARN_COMMA = YES;
				CLANG_WARN_CONSTANT_CONVERSION = YES;
				CLANG_WARN_DEPRECATED_OBJC_IMPLEMENTATIONS = YES;
				CLANG_WARN_DIRECT_OBJC_ISA_USAGE = YES_ERROR;
				CLANG_WARN_DOCUMENTATION_COMMENTS = YES;
				CLANG_WARN_EMPTY_BODY = YES;
				CLANG_WARN_ENUM_CONVERSION = YES;
				CLANG_WARN_INFINITE_RECURSION = YES;
				CLANG_WARN_INT_CONVERSION = YES;
				CLANG_WARN_NON_LITERAL_NULL_CONVERSION = YES;
				CLANG_WARN_OBJC_IMPLICIT_RETAIN_SELF = YES;
				CLANG_WARN_OBJC_LITERAL_CONVERSION = YES;
				CLANG_WARN_OBJC_ROOT_CLASS = YES_ERROR;
				CLANG_WARN_QUOTED_INCLUDE_IN_FRAMEWORK_HEADER = YES;
				CLANG_WARN_RANGE_LOOP_ANALYSIS = YES;
				CLANG_WARN_STRICT_PROTOTYPES = YES;
				CLANG_WARN_SUSPICIOUS_MOVE = YES;
				CLANG_WARN_UNGUARDED_AVAILABILITY = YES_AGGRESSIVE;
				CLANG_WARN_UNREACHABLE_CODE = YES;
				CLANG_WARN__DUPLICATE_METHOD_MATCH = YES;
				COPY_PHASE_STRIP = NO;
				DEBUG_INFORMATION_FORMAT = "dwarf-with-dsym";
				ENABLE_NS_ASSERTIONS = NO;
				ENABLE_STRICT_OBJC_MSGSEND = YES;
				GCC_C_LANGUAGE_STANDARD = gnu11;
				GCC_NO_COMMON_BLOCKS = YES;
				GCC_WARN_64_TO_32_BIT_CONVERSION = YES;
				GCC_WARN_ABOUT_RETURN_TYPE = YES_ERROR;
				GCC_WARN_UNDECLARED_SELECTOR = YES;
				GCC_WARN_UNINITIALIZED_AUTOS = YES_AGGRESSIVE;
				GCC_WARN_UNUSED_FUNCTION = YES;
				GCC_WARN_UNUSED_VARIABLE = YES;
				MACOSX_DEPLOYMENT_TARGET = 13.3;
				MTL_ENABLE_DEBUG_INFO = NO;
				MTL_FAST_MATH = YES;
				SDKROOT = macosx;
				SWIFT_COMPILATION_MODE = wholemodule;
				SWIFT_OPTIMIZATION_LEVEL = "-O";
			};
			name = Release;
		};
		03E126792A7265BD00D6F181 /* Debug */ = {
			isa = XCBuildConfiguration;
			buildSettings = {
				ASSETCATALOG_COMPILER_APPICON_NAME = AppIcon;
				ASSETCATALOG_COMPILER_GLOBAL_ACCENT_COLOR_NAME = AccentColor;
				CODE_SIGN_ENTITLEMENTS = CloudTest/CloudTest.entitlements;
				CODE_SIGN_STYLE = Automatic;
				COMBINE_HIDPI_IMAGES = YES;
				CURRENT_PROJECT_VERSION = 1;
				DEVELOPMENT_TEAM = RZ2K829ZS8;
				ENABLE_HARDENED_RUNTIME = NO;
				GENERATE_INFOPLIST_FILE = YES;
				INFOPLIST_KEY_NSHumanReadableCopyright = "";
				INFOPLIST_KEY_NSMainStoryboardFile = Main;
				INFOPLIST_KEY_NSPrincipalClass = NSApplication;
				LD_RUNPATH_SEARCH_PATHS = (
					"$(inherited)",
					"@executable_path/../Frameworks",
				);
				MARKETING_VERSION = 1.0;
				PRODUCT_BUNDLE_IDENTIFIER = com.savoysoftware.CloudTest;
				PRODUCT_NAME = "$(TARGET_NAME)";
				SWIFT_EMIT_LOC_STRINGS = YES;
				SWIFT_VERSION = 5.0;
			};
			name = Debug;
		};
		03E1267A2A7265BD00D6F181 /* Release */ = {
			isa = XCBuildConfiguration;
			buildSettings = {
				ASSETCATALOG_COMPILER_APPICON_NAME = AppIcon;
				ASSETCATALOG_COMPILER_GLOBAL_ACCENT_COLOR_NAME = AccentColor;
				CODE_SIGN_ENTITLEMENTS = CloudTest/CloudTest.entitlements;
				CODE_SIGN_STYLE = Automatic;
				COMBINE_HIDPI_IMAGES = YES;
				CURRENT_PROJECT_VERSION = 1;
				DEVELOPMENT_TEAM = RZ2K829ZS8;
				ENABLE_HARDENED_RUNTIME = NO;
				GENERATE_INFOPLIST_FILE = YES;
				INFOPLIST_KEY_NSHumanReadableCopyright = "";
				INFOPLIST_KEY_NSMainStoryboardFile = Main;
				INFOPLIST_KEY_NSPrincipalClass = NSApplication;
				LD_RUNPATH_SEARCH_PATHS = (
					"$(inherited)",
					"@executable_path/../Frameworks",
				);
				MARKETING_VERSION = 1.0;
				PRODUCT_BUNDLE_IDENTIFIER = com.savoysoftware.CloudTest;
				PRODUCT_NAME = "$(TARGET_NAME)";
				SWIFT_EMIT_LOC_STRINGS = YES;
				SWIFT_VERSION = 5.0;
			};
			name = Release;
		};
		03E126862A7266AE00D6F181 /* Debug */ = {
			isa = XCBuildConfiguration;
			buildSettings = {
				BUNDLE_LOADER = "$(TEST_HOST)";
				CODE_SIGN_STYLE = Automatic;
				CURRENT_PROJECT_VERSION = 1;
				DEVELOPMENT_TEAM = RZ2K829ZS8;
				GENERATE_INFOPLIST_FILE = YES;
				MARKETING_VERSION = 1.0;
				PRODUCT_BUNDLE_IDENTIFIER = com.savoysoftware.CloudTestTests;
				PRODUCT_NAME = "$(TARGET_NAME)";
				SWIFT_EMIT_LOC_STRINGS = NO;
				SWIFT_VERSION = 5.0;
				TEST_HOST = "$(BUILT_PRODUCTS_DIR)/CloudTest183765.app/$(BUNDLE_EXECUTABLE_FOLDER_PATH)/CloudTest183765";
			};
			name = Debug;
		};
		03E126872A7266AE00D6F181 /* Release */ = {
			isa = XCBuildConfiguration;
			buildSettings = {
				BUNDLE_LOADER = "$(TEST_HOST)";
				CODE_SIGN_STYLE = Automatic;
				CURRENT_PROJECT_VERSION = 1;
				DEVELOPMENT_TEAM = RZ2K829ZS8;
				GENERATE_INFOPLIST_FILE = YES;
				MARKETING_VERSION = 1.0;
				PRODUCT_BUNDLE_IDENTIFIER = com.savoysoftware.CloudTestTests;
				PRODUCT_NAME = "$(TARGET_NAME)";
				SWIFT_EMIT_LOC_STRINGS = NO;
				SWIFT_VERSION = 5.0;
				TEST_HOST = "$(BUILT_PRODUCTS_DIR)/CloudTest183765.app/$(BUNDLE_EXECUTABLE_FOLDER_PATH)/CloudTest183765";
			};
			name = Release;
		};
/* End XCBuildConfiguration section */

/* Begin XCConfigurationList section */
		03E126642A7265BC00D6F181 /* Build configuration list for PBXProject "CloudTest" */ = {
			isa = XCConfigurationList;
			buildConfigurations = (
				03E126762A7265BD00D6F181 /* Debug */,
				03E126772A7265BD00D6F181 /* Release */,
			);
			defaultConfigurationIsVisible = 0;
			defaultConfigurationName = Release;
		};
		03E126782A7265BD00D6F181 /* Build configuration list for PBXNativeTarget "CloudTest183765" */ = {
			isa = XCConfigurationList;
			buildConfigurations = (
				03E126792A7265BD00D6F181 /* Debug */,
				03E1267A2A7265BD00D6F181 /* Release */,
			);
			defaultConfigurationIsVisible = 0;
			defaultConfigurationName = Release;
		};
		03E126852A7266AE00D6F181 /* Build configuration list for PBXNativeTarget "CloudTestTests" */ = {
			isa = XCConfigurationList;
			buildConfigurations = (
				03E126862A7266AE00D6F181 /* Debug */,
				03E126872A7266AE00D6F181 /* Release */,
			);
			defaultConfigurationIsVisible = 0;
			defaultConfigurationName = Release;
		};
/* End XCConfigurationList section */
	};
	rootObject = 03E126612A7265BC00D6F181 /* Project object */;
}
